github.com/davecgh/go-spew v1.1.0/go.mod h1:J7Y8YcW2NihsgmVo/mv3lAwl/skON4iLHjSsI+c5H38=
github.com/davecgh/go-spew v1.1.1 h1:vj9j/u1bqnvCEfJOwUhtlOARqs3+rkHYY13jYWTU97c=
github.com/davecgh/go-spew v1.1.1/go.mod h1:J7Y8YcW2NihsgmVo/mv3lAwl/skON4iLHjSsI+c5H38=
github.com/eclipse/paho.golang v0.11.0 h1:6Avu5dkkCfcB61/y1vx+XrPQ0oAl4TPYtY0uw3HbQdM=
github.com/eclipse/paho.golang v0.11.0/go.mod h1:rhrV37IEwauUyx8FHrvmXOKo+QRKng5ncoN1vJiJMcs=
github.com/google/uuid v1.6.0 h1:NIvaJDMOsjHA8n1jAhLSgzrAzy1Hgr+hNrb57e+94F0=
github.com/google/uuid v1.6.0/go.mod h1:TIyPZe4MgqvfeYDBFedMoGGpEw/LqOeaOT+nhxU+yHo=
github.com/gregoryv/asserter v0.5.0 h1:LTet+gEQ8alKswavolyhGbTJzsIDOk/j7ziXUg63D8E=
github.com/gregoryv/asserter v0.5.0/go.mod h1:XQFprqERXttCMPPfpD4lfQoOSLKT9YesnVyDSU09DIg=
github.com/gregoryv/cmdline v0.15.3 h1:rawR11YnTJkeTnK5O7MGD8r6/pvvyWSRqfI22OFFMx0=
github.com/gregoryv/cmdline v0.15.3/go.mod h1:GYAQA476frWX50XRsQM4ads46JbznSfFQKcxAPAEq+4=
github.com/gregoryv/draw v0.33.0 h1:i6g4YE5RJY/wilc3MAu1xyj5j54HEgEH9MLmGj0g6Ug=
github.com/gregoryv/draw v0.33.0/go.mod h1:xBuLxilM7AJpaMAkqjVF4+cbNS2rXh9EDObIewDhaWg=
github.com/gregoryv/english v0.6.0 h1:NHGV9r1M20ifPacmPG41ZQGEbH9cTlxvwUuAcXm1v0w=
github.com/gregoryv/english v0.6.0/go.mod h1:F5O7gDq0yWDJUEOXuNv+ebChEjK7N9eBFHsxGyFui/0=
github.com/gregoryv/gocyclo v0.1.1 h1:wRhY+jEiXtNqtxOSI1XfXmbRaRknzvVtO5QOSg5KVHo=
github.com/gregoryv/gocyclo v0.1.1/go.mod h1:e1PwkEyshvXjhPGP0RUXqlEXx09aBSSNj0wL8I/P/3I=
github.com/gregoryv/golden v0.8.1 h1:cR4y8AHuIprasU5CH45ZpHk2LnUBNxQGMhJrzWb2fh0=
github.com/gregoryv/golden v0.8.1/go.mod h1:a8TU3FjUq/nnrbjdCw0oGoaLm5E059hrFdhjSQYkFPM=
github.com/gregoryv/mq v0.28.0 h1:RMV76yAMmTaESt+QNGcAusgWsbIZOPO1ehb1yyIyoRo=
github.com/gregoryv/mq v0.28.0/go.mod h1:lFJ8+lat8PanTm4iTFIQIW7Vj9n10xAdk9PkcwiSs/A=
github.com/gregoryv/nexus v0.7.0 h1:dqummIbQfVqCfut7EkvLO5gHBesANA3F0AU0E3v+NtY=
github.com/gregoryv/nexus v0.7.0/go.mod h1:DJ2Ia6WpPX26edFW6LCl+9nYyX2h6Ot/kyJ83J+SAL0=
github.com/gregoryv/qual v0.4.3 h1:SrUIKwJH04PgcSq6gmdrg4UrhjIZHQ9D0LJpHO0jeB0=
github.com/gregoryv/qual v0.4.3/go.mod h1:qi5L/TR4lnCuIFsOC2G8dtTOui6787/lFNquekcjxmQ=
github.com/gregoryv/web v0.26.1 h1:aC+tgE04NWG4nShlrTDoU4Oa9SPeQSDv5EHJSCK5pKo=
github.com/gregoryv/web v0.26.1/go.mod h1:+rHf6tS27KKsXp5ty1C287NEeYXbQYCffG7TxmwQ9YI=
github.com/kr/pretty v0.1.0/go.mod h1:dAy3ld7l9f0ibDNOQOHHMYYIIbhfbHSm3C4ZsoJORNo=
github.com/kr/pty v1.1.1/go.mod h1:pFQYn66WHrOpPYNljwOMqo10TkYh1fy3cYio2l3bCsQ=
github.com/kr/text v0.1.0/go.mod h1:4Jbv+DJW3UT/LiOwJeYQe1efqtUx/iVham/4vfdArNI=
github.com/pmezard/go-difflib v1.0.0 h1:4DBwDE0NGyQoBHbLQYPwSUPoCMWR5BEzIk/f1lZbAQM=
github.com/pmezard/go-difflib v1.0.0/go.mod h1:iKH77koFhYxTK1pcRnkKkqfTogsbg7gZNVY4sRDYZ/4=
github.com/sergi/go-diff v1.3.1 h1:xkr+Oxo4BOQKmkn/B9eMK0g5Kg/983T9DqqPHwYqD+8=
github.com/sergi/go-diff v1.3.1/go.mod h1:aMJSSKb2lpPvRNec0+w3fl7LP9IOFzdc9Pa4NFbPK1I=
github.com/stretchr/objx v0.1.0/go.mod h1:HFkY916IF+rwdDfMAkV7OtwuqBVzrE8GR6GFx+wExME=
github.com/stretchr/testify v1.4.0 h1:2E4SXV/wtOkTonXsotYi4li6zVWxYlZuYNCXe9XRJyk=
github.com/stretchr/testify v1.4.0/go.mod h1:j7eGeouHqKxXV5pUuKE4zz7dFj8WfuZ+81PSLYec5m4=
gopkg.in/check.v1 v0.0.0-20161208181325-20d25e280405/go.mod h1:Co6ibVJAznAaIkqp8huTwlJQCZ016jof/cbN4VW5Yz0=
gopkg.in/check.v1 v1.0.0-20190902080502-41f04d3bba15/go.mod h1:Co6ibVJAznAaIkqp8huTwlJQCZ016jof/cbN4VW5Yz0=
gopkg.in/yaml.v2 v2.2.2/go.mod h1:hI93XBmqTisBFMUTm0b8Fm+jr3Dg1NNxqwp+5A1VGuI=
gopkg.in/yaml.v2 v2.4.0 h1:D8xgwECY7CYvx+Y2n4sBz93Jn9JRvxdiyyo8CTfuKaY=
gopkg.in/yaml.v2 v2.4.0/go.mod h1:RDklbk79AGWmwhnvt/jBztapEOGDOx6ZbXqjP6csGnQ=
